
Microsoft Visual Studio Solution File, Format Version 12.00
# Visual Studio 15
VisualStudioVersion = 15.0.26430.13
MinimumVisualStudioVersion = 10.0.40219.1
Project("{8BC9CEB8-8B4A-11D0-8D11-00A0C91BC942}") = "0_Core", "0_Core\0_Core.vcxproj", "{4D872A44-11C4-4564-AD70-3033764DC95E}"
EndProject
Project("{8BC9CEB8-8B4A-11D0-8D11-00A0C91BC942}") = "1_Client", "1_Client\1_Client.vcxproj", "{59A1D514-AC4B-4BC5-B0FD-79844390860A}"
	ProjectSection(ProjectDependencies) = postProject
		{4D872A44-11C4-4564-AD70-3033764DC95E} = {4D872A44-11C4-4564-AD70-3033764DC95E}
	EndProjectSection
EndProject
Project("{8BC9CEB8-8B4A-11D0-8D11-00A0C91BC942}") = "2_Server", "2_Server\2_Server.vcxproj", "{501C149F-BF1B-4171-A366-9A75BC0DC406}"
	ProjectSection(ProjectDependencies) = postProject
		{4D872A44-11C4-4564-AD70-3033764DC95E} = {4D872A44-11C4-4564-AD70-3033764DC95E}
	EndProjectSection
EndProject
Global
	GlobalSection(SolutionConfigurationPlatforms) = preSolution
		Debug|x64 = Debug|x64
		Debug|x86 = Debug|x86
		Release|x64 = Release|x64
		Release|x86 = Release|x86
	EndGlobalSection
	GlobalSection(ProjectConfigurationPlatforms) = postSolution
		{4D872A44-11C4-4564-AD70-3033764DC95E}.Debug|x64.ActiveCfg = Debug|x64
		{4D872A44-11C4-4564-AD70-3033764DC95E}.Debug|x64.Build.0 = Debug|x64
		{4D872A44-11C4-4564-AD70-3033764DC95E}.Debug|x86.ActiveCfg = Debug|Win32
		{4D872A44-11C4-4564-AD70-3033764DC95E}.Debug|x86.Build.0 = Debug|Win32
		{4D872A44-11C4-4564-AD70-3033764DC95E}.Release|x64.ActiveCfg = Release|x64
		{4D872A44-11C4-4564-AD70-3033764DC95E}.Release|x64.Build.0 = Release|x64
		{4D872A44-11C4-4564-AD70-3033764DC95E}.Release|x86.ActiveCfg = Release|Win32
		{4D872A44-11C4-4564-AD70-3033764DC95E}.Release|x86.Build.0 = Release|Win32
		{59A1D514-AC4B-4BC5-B0FD-79844390860A}.Debug|x64.ActiveCfg = Debug|x64
		{59A1D514-AC4B-4BC5-B0FD-79844390860A}.Debug|x64.Build.0 = Debug|x64
		{59A1D514-AC4B-4BC5-B0FD-79844390860A}.Debug|x86.ActiveCfg = Debug|Win32
		{59A1D514-AC4B-4BC5-B0FD-79844390860A}.Debug|x86.Build.0 = Debug|Win32
		{59A1D514-AC4B-4BC5-B0FD-79844390860A}.Release|x64.ActiveCfg = Release|x64
		{59A1D514-AC4B-4BC5-B0FD-79844390860A}.Release|x64.Build.0 = Release|x64
		{59A1D514-AC4B-4BC5-B0FD-79844390860A}.Release|x86.ActiveCfg = Release|Win32
		{59A1D514-AC4B-4BC5-B0FD-79844390860A}.Release|x86.Build.0 = Release|Win32
		{501C149F-BF1B-4171-A366-9A75BC0DC406}.Debug|x64.ActiveCfg = Debug|x64
		{501C149F-BF1B-4171-A366-9A75BC0DC406}.Debug|x64.Build.0 = Debug|x64
		{501C149F-BF1B-4171-A366-9A75BC0DC406}.Debug|x86.ActiveCfg = Debug|Win32
		{501C149F-BF1B-4171-A366-9A75BC0DC406}.Debug|x86.Build.0 = Debug|Win32
		{501C149F-BF1B-4171-A366-9A75BC0DC406}.Release|x64.ActiveCfg = Release|x64
		{501C149F-BF1B-4171-A366-9A75BC0DC406}.Release|x64.Build.0 = Release|x64
		{501C149F-BF1B-4171-A366-9A75BC0DC406}.Release|x86.ActiveCfg = Release|Win32
		{501C149F-BF1B-4171-A366-9A75BC0DC406}.Release|x86.Build.0 = Release|Win32
	EndGlobalSection
	GlobalSection(SolutionProperties) = preSolution
		HideSolutionNode = FALSE
	EndGlobalSection
EndGlobal
